{
  "requires": true,
  "lockfileVersion": 1,
  "dependencies": {
    "events": {
      "version": "3.0.0",
      "resolved": "https://registry.npmjs.org/events/-/events-3.0.0.tgz",
      "integrity": "sha512-Dc381HFWJzEOhQ+d8pkNon++bk9h6cdAoAj4iE6Q4y6xgTzySWXlKn05/TVNpjnfRqi/X0EpJEJohPjNI3zpVA=="
    },
    "typed-emitter": {
      "version": "0.1.0",
      "resolved": "https://registry.npmjs.org/typed-emitter/-/typed-emitter-0.1.0.tgz",
      "integrity": "sha512-Tfay0l6gJMP5rkil8CzGbLthukn+9BN/VXWcABVFPjOoelJ+koW8BuPZYk+h/L+lEeIp1fSzVRiWRPIjKVjPdg=="
    }
  }
}
